
Microsoft Visual Studio Solution File, Format Version 12.00
# Visual Studio Version 16
VisualStudioVersion = 16.0.30011.22
MinimumVisualStudioVersion = 10.0.40219.1
Project("{9A19103F-16F7-4668-BE54-9A1E7A4F7556}") = "Interfaces", "Task3\Interfaces.csproj", "{BD1CCFDB-5C9C-423D-A322-DF954380EA59}"
EndProject
Project("{9A19103F-16F7-4668-BE54-9A1E7A4F7556}") = "Delegates", "Delegates\Delegates.csproj", "{079E4127-B6DD-4713-A59A-1B84AF0FC768}"
EndProject
Project("{9A19103F-16F7-4668-BE54-9A1E7A4F7556}") = "Questions_3_4_5", "Questions_3_4_5\Questions_3_4_5.csproj", "{3C00BF99-D9C2-4286-9A6C-8AC26F0F9E8B}"
EndProject
Project("{FAE04EC0-301F-11D3-BF4B-00C04F79EFBC}") = "NullableTypes", "NullableTypes\NullableTypes.csproj", "{F9D44CBF-7D49-46B1-83C2-2DECEB3C9EE0}"
EndProject
Project("{FAE04EC0-301F-11D3-BF4B-00C04F79EFBC}") = "Patterns", "Patterns\Patterns.csproj", "{EBB51A53-AC3C-48C4-B67C-B156042951C5}"
EndProject
Global
	GlobalSection(SolutionConfigurationPlatforms) = preSolution
		Debug|Any CPU = Debug|Any CPU
		Release|Any CPU = Release|Any CPU
	EndGlobalSection
	GlobalSection(ProjectConfigurationPlatforms) = postSolution
		{BD1CCFDB-5C9C-423D-A322-DF954380EA59}.Debug|Any CPU.ActiveCfg = Debug|Any CPU
		{BD1CCFDB-5C9C-423D-A322-DF954380EA59}.Debug|Any CPU.Build.0 = Debug|Any CPU
		{BD1CCFDB-5C9C-423D-A322-DF954380EA59}.Release|Any CPU.ActiveCfg = Release|Any CPU
		{BD1CCFDB-5C9C-423D-A322-DF954380EA59}.Release|Any CPU.Build.0 = Release|Any CPU
		{079E4127-B6DD-4713-A59A-1B84AF0FC768}.Debug|Any CPU.ActiveCfg = Debug|Any CPU
		{079E4127-B6DD-4713-A59A-1B84AF0FC768}.Debug|Any CPU.Build.0 = Debug|Any CPU
		{079E4127-B6DD-4713-A59A-1B84AF0FC768}.Release|Any CPU.ActiveCfg = Release|Any CPU
		{079E4127-B6DD-4713-A59A-1B84AF0FC768}.Release|Any CPU.Build.0 = Release|Any CPU
		{3C00BF99-D9C2-4286-9A6C-8AC26F0F9E8B}.Debug|Any CPU.ActiveCfg = Debug|Any CPU
		{3C00BF99-D9C2-4286-9A6C-8AC26F0F9E8B}.Debug|Any CPU.Build.0 = Debug|Any CPU
		{3C00BF99-D9C2-4286-9A6C-8AC26F0F9E8B}.Release|Any CPU.ActiveCfg = Release|Any CPU
		{3C00BF99-D9C2-4286-9A6C-8AC26F0F9E8B}.Release|Any CPU.Build.0 = Release|Any CPU
		{F9D44CBF-7D49-46B1-83C2-2DECEB3C9EE0}.Debug|Any CPU.ActiveCfg = Debug|Any CPU
		{F9D44CBF-7D49-46B1-83C2-2DECEB3C9EE0}.Debug|Any CPU.Build.0 = Debug|Any CPU
		{F9D44CBF-7D49-46B1-83C2-2DECEB3C9EE0}.Release|Any CPU.ActiveCfg = Release|Any CPU
		{F9D44CBF-7D49-46B1-83C2-2DECEB3C9EE0}.Release|Any CPU.Build.0 = Release|Any CPU
		{EBB51A53-AC3C-48C4-B67C-B156042951C5}.Debug|Any CPU.ActiveCfg = Debug|Any CPU
		{EBB51A53-AC3C-48C4-B67C-B156042951C5}.Debug|Any CPU.Build.0 = Debug|Any CPU
		{EBB51A53-AC3C-48C4-B67C-B156042951C5}.Release|Any CPU.ActiveCfg = Release|Any CPU
		{EBB51A53-AC3C-48C4-B67C-B156042951C5}.Release|Any CPU.Build.0 = Release|Any CPU
	EndGlobalSection
	GlobalSection(SolutionProperties) = preSolution
		HideSolutionNode = FALSE
	EndGlobalSection
	GlobalSection(ExtensibilityGlobals) = postSolution
		SolutionGuid = {31D12CC2-5E3B-4861-B99C-D50417B6F3F0}
	EndGlobalSection
EndGlobal
