
Microsoft Visual Studio Solution File, Format Version 12.00
# Visual Studio Version 16
VisualStudioVersion = 16.0.30011.22
MinimumVisualStudioVersion = 10.0.40219.1
Project("{9A19103F-16F7-4668-BE54-9A1E7A4F7556}") = "ReadonlyStruct", "Task2\ReadonlyStruct.csproj", "{1A50E7E6-49CA-4606-AED5-C91654D1C4EE}"
EndProject
Project("{FAE04EC0-301F-11D3-BF4B-00C04F79EFBC}") = "IsAndAs", "IsAndAs\IsAndAs.csproj", "{9E371C2B-8E96-468F-9FDF-909C3FE49320}"
EndProject
Project("{FAE04EC0-301F-11D3-BF4B-00C04F79EFBC}") = "СorrectСonstructorСalls", "СorrectСonstructorСalls\СorrectСonstructorСalls.csproj", "{5072D5C4-7471-4060-B25A-5F63244271F4}"
EndProject
Project("{FAE04EC0-301F-11D3-BF4B-00C04F79EFBC}") = "ImplicitExplicit", "ImplicitExplicit\ImplicitExplicit.csproj", "{6CFA672D-869F-487C-988E-B27E8F28F80D}"
EndProject
Project("{FAE04EC0-301F-11D3-BF4B-00C04F79EFBC}") = "Redefinition", "Redefinition\Redefinition.csproj", "{D260701D-D564-4C3A-8F4D-15B70A607C6B}"
EndProject
Project("{FAE04EC0-301F-11D3-BF4B-00C04F79EFBC}") = "Template", "Template\Template.csproj", "{EDC6BBF2-E338-4E43-9569-F0263A0E7837}"
EndProject
Project("{FAE04EC0-301F-11D3-BF4B-00C04F79EFBC}") = "Exceptions", "Exceptions\Exceptions.csproj", "{8262949A-6699-4279-BC51-F09F75FC03C8}"
EndProject
Global
	GlobalSection(SolutionConfigurationPlatforms) = preSolution
		Debug|Any CPU = Debug|Any CPU
		Release|Any CPU = Release|Any CPU
	EndGlobalSection
	GlobalSection(ProjectConfigurationPlatforms) = postSolution
		{1A50E7E6-49CA-4606-AED5-C91654D1C4EE}.Debug|Any CPU.ActiveCfg = Debug|Any CPU
		{1A50E7E6-49CA-4606-AED5-C91654D1C4EE}.Debug|Any CPU.Build.0 = Debug|Any CPU
		{1A50E7E6-49CA-4606-AED5-C91654D1C4EE}.Release|Any CPU.ActiveCfg = Release|Any CPU
		{1A50E7E6-49CA-4606-AED5-C91654D1C4EE}.Release|Any CPU.Build.0 = Release|Any CPU
		{9E371C2B-8E96-468F-9FDF-909C3FE49320}.Debug|Any CPU.ActiveCfg = Debug|Any CPU
		{9E371C2B-8E96-468F-9FDF-909C3FE49320}.Debug|Any CPU.Build.0 = Debug|Any CPU
		{9E371C2B-8E96-468F-9FDF-909C3FE49320}.Release|Any CPU.ActiveCfg = Release|Any CPU
		{9E371C2B-8E96-468F-9FDF-909C3FE49320}.Release|Any CPU.Build.0 = Release|Any CPU
		{5072D5C4-7471-4060-B25A-5F63244271F4}.Debug|Any CPU.ActiveCfg = Debug|Any CPU
		{5072D5C4-7471-4060-B25A-5F63244271F4}.Debug|Any CPU.Build.0 = Debug|Any CPU
		{5072D5C4-7471-4060-B25A-5F63244271F4}.Release|Any CPU.ActiveCfg = Release|Any CPU
		{5072D5C4-7471-4060-B25A-5F63244271F4}.Release|Any CPU.Build.0 = Release|Any CPU
		{6CFA672D-869F-487C-988E-B27E8F28F80D}.Debug|Any CPU.ActiveCfg = Debug|Any CPU
		{6CFA672D-869F-487C-988E-B27E8F28F80D}.Debug|Any CPU.Build.0 = Debug|Any CPU
		{6CFA672D-869F-487C-988E-B27E8F28F80D}.Release|Any CPU.ActiveCfg = Release|Any CPU
		{6CFA672D-869F-487C-988E-B27E8F28F80D}.Release|Any CPU.Build.0 = Release|Any CPU
		{D260701D-D564-4C3A-8F4D-15B70A607C6B}.Debug|Any CPU.ActiveCfg = Debug|Any CPU
		{D260701D-D564-4C3A-8F4D-15B70A607C6B}.Debug|Any CPU.Build.0 = Debug|Any CPU
		{D260701D-D564-4C3A-8F4D-15B70A607C6B}.Release|Any CPU.ActiveCfg = Release|Any CPU
		{D260701D-D564-4C3A-8F4D-15B70A607C6B}.Release|Any CPU.Build.0 = Release|Any CPU
		{EDC6BBF2-E338-4E43-9569-F0263A0E7837}.Debug|Any CPU.ActiveCfg = Debug|Any CPU
		{EDC6BBF2-E338-4E43-9569-F0263A0E7837}.Debug|Any CPU.Build.0 = Debug|Any CPU
		{EDC6BBF2-E338-4E43-9569-F0263A0E7837}.Release|Any CPU.ActiveCfg = Release|Any CPU
		{EDC6BBF2-E338-4E43-9569-F0263A0E7837}.Release|Any CPU.Build.0 = Release|Any CPU
		{8262949A-6699-4279-BC51-F09F75FC03C8}.Debug|Any CPU.ActiveCfg = Debug|Any CPU
		{8262949A-6699-4279-BC51-F09F75FC03C8}.Debug|Any CPU.Build.0 = Debug|Any CPU
		{8262949A-6699-4279-BC51-F09F75FC03C8}.Release|Any CPU.ActiveCfg = Release|Any CPU
		{8262949A-6699-4279-BC51-F09F75FC03C8}.Release|Any CPU.Build.0 = Release|Any CPU
	EndGlobalSection
	GlobalSection(SolutionProperties) = preSolution
		HideSolutionNode = FALSE
	EndGlobalSection
	GlobalSection(ExtensibilityGlobals) = postSolution
		SolutionGuid = {569C40CE-EE5F-480C-A4E3-B9A39EA6E5AC}
	EndGlobalSection
EndGlobal
